
Microsoft Visual Studio Solution File, Format Version 12.00
# Visual Studio 15
VisualStudioVersion = 15.0.26430.14
MinimumVisualStudioVersion = 10.0.40219.1
Project("{FAE04EC0-301F-11D3-BF4B-00C04F79EFBC}") = "Dump", "Dump\Dump.csproj", "{EE7A5A63-51E1-4FBC-A715-CE9BC04BD021}"
EndProject
Project("{FAE04EC0-301F-11D3-BF4B-00C04F79EFBC}") = "Dump.ViewModels", "Dump.ViewModels\Dump.ViewModels.csproj", "{C43E508A-5C16-431F-85DA-70A5D53706EF}"
EndProject
Project("{FAE04EC0-301F-11D3-BF4B-00C04F79EFBC}") = "Dump.Core", "Dump.Core\Dump.Core.csproj", "{83ED4265-711A-4ABA-B170-4C4DA0E99132}"
EndProject
Project("{FAE04EC0-301F-11D3-BF4B-00C04F79EFBC}") = "Dump.Core.Tests", "Dump.Core.Tests\Dump.Core.Tests.csproj", "{44E6C365-A4DD-4732-8E97-B7393C370850}"
EndProject
Project("{FAE04EC0-301F-11D3-BF4B-00C04F79EFBC}") = "Dump.ViewModels.Tests", "Dump.ViewModels.Tests\Dump.ViewModels.Tests.csproj", "{8D9C0D99-4D9A-4787-A692-EB5293F32994}"
EndProject
Global
	GlobalSection(SolutionConfigurationPlatforms) = preSolution
		Debug|Any CPU = Debug|Any CPU
		Debug|ARM = Debug|ARM
		Debug|x64 = Debug|x64
		Debug|x86 = Debug|x86
		Release|Any CPU = Release|Any CPU
		Release|ARM = Release|ARM
		Release|x64 = Release|x64
		Release|x86 = Release|x86
	EndGlobalSection
	GlobalSection(ProjectConfigurationPlatforms) = postSolution
		{EE7A5A63-51E1-4FBC-A715-CE9BC04BD021}.Debug|Any CPU.ActiveCfg = Debug|x86
		{EE7A5A63-51E1-4FBC-A715-CE9BC04BD021}.Debug|ARM.ActiveCfg = Debug|ARM
		{EE7A5A63-51E1-4FBC-A715-CE9BC04BD021}.Debug|ARM.Build.0 = Debug|ARM
		{EE7A5A63-51E1-4FBC-A715-CE9BC04BD021}.Debug|ARM.Deploy.0 = Debug|ARM
		{EE7A5A63-51E1-4FBC-A715-CE9BC04BD021}.Debug|x64.ActiveCfg = Debug|x64
		{EE7A5A63-51E1-4FBC-A715-CE9BC04BD021}.Debug|x64.Build.0 = Debug|x64
		{EE7A5A63-51E1-4FBC-A715-CE9BC04BD021}.Debug|x64.Deploy.0 = Debug|x64
		{EE7A5A63-51E1-4FBC-A715-CE9BC04BD021}.Debug|x86.ActiveCfg = Debug|x86
		{EE7A5A63-51E1-4FBC-A715-CE9BC04BD021}.Debug|x86.Build.0 = Debug|x86
		{EE7A5A63-51E1-4FBC-A715-CE9BC04BD021}.Debug|x86.Deploy.0 = Debug|x86
		{EE7A5A63-51E1-4FBC-A715-CE9BC04BD021}.Release|Any CPU.ActiveCfg = Release|x86
		{EE7A5A63-51E1-4FBC-A715-CE9BC04BD021}.Release|ARM.ActiveCfg = Release|ARM
		{EE7A5A63-51E1-4FBC-A715-CE9BC04BD021}.Release|ARM.Build.0 = Release|ARM
		{EE7A5A63-51E1-4FBC-A715-CE9BC04BD021}.Release|ARM.Deploy.0 = Release|ARM
		{EE7A5A63-51E1-4FBC-A715-CE9BC04BD021}.Release|x64.ActiveCfg = Release|x64
		{EE7A5A63-51E1-4FBC-A715-CE9BC04BD021}.Release|x64.Build.0 = Release|x64
		{EE7A5A63-51E1-4FBC-A715-CE9BC04BD021}.Release|x64.Deploy.0 = Release|x64
		{EE7A5A63-51E1-4FBC-A715-CE9BC04BD021}.Release|x86.ActiveCfg = Release|x86
		{EE7A5A63-51E1-4FBC-A715-CE9BC04BD021}.Release|x86.Build.0 = Release|x86
		{EE7A5A63-51E1-4FBC-A715-CE9BC04BD021}.Release|x86.Deploy.0 = Release|x86
		{C43E508A-5C16-431F-85DA-70A5D53706EF}.Debug|Any CPU.ActiveCfg = Debug|Any CPU
		{C43E508A-5C16-431F-85DA-70A5D53706EF}.Debug|Any CPU.Build.0 = Debug|Any CPU
		{C43E508A-5C16-431F-85DA-70A5D53706EF}.Debug|ARM.ActiveCfg = Debug|ARM
		{C43E508A-5C16-431F-85DA-70A5D53706EF}.Debug|ARM.Build.0 = Debug|ARM
		{C43E508A-5C16-431F-85DA-70A5D53706EF}.Debug|x64.ActiveCfg = Debug|x64
		{C43E508A-5C16-431F-85DA-70A5D53706EF}.Debug|x64.Build.0 = Debug|x64
		{C43E508A-5C16-431F-85DA-70A5D53706EF}.Debug|x86.ActiveCfg = Debug|x86
		{C43E508A-5C16-431F-85DA-70A5D53706EF}.Debug|x86.Build.0 = Debug|x86
		{C43E508A-5C16-431F-85DA-70A5D53706EF}.Release|Any CPU.ActiveCfg = Release|Any CPU
		{C43E508A-5C16-431F-85DA-70A5D53706EF}.Release|Any CPU.Build.0 = Release|Any CPU
		{C43E508A-5C16-431F-85DA-70A5D53706EF}.Release|ARM.ActiveCfg = Release|ARM
		{C43E508A-5C16-431F-85DA-70A5D53706EF}.Release|ARM.Build.0 = Release|ARM
		{C43E508A-5C16-431F-85DA-70A5D53706EF}.Release|x64.ActiveCfg = Release|x64
		{C43E508A-5C16-431F-85DA-70A5D53706EF}.Release|x64.Build.0 = Release|x64
		{C43E508A-5C16-431F-85DA-70A5D53706EF}.Release|x86.ActiveCfg = Release|x86
		{C43E508A-5C16-431F-85DA-70A5D53706EF}.Release|x86.Build.0 = Release|x86
		{83ED4265-711A-4ABA-B170-4C4DA0E99132}.Debug|Any CPU.ActiveCfg = Debug|Any CPU
		{83ED4265-711A-4ABA-B170-4C4DA0E99132}.Debug|Any CPU.Build.0 = Debug|Any CPU
		{83ED4265-711A-4ABA-B170-4C4DA0E99132}.Debug|ARM.ActiveCfg = Debug|Any CPU
		{83ED4265-711A-4ABA-B170-4C4DA0E99132}.Debug|ARM.Build.0 = Debug|Any CPU
		{83ED4265-711A-4ABA-B170-4C4DA0E99132}.Debug|x64.ActiveCfg = Debug|Any CPU
		{83ED4265-711A-4ABA-B170-4C4DA0E99132}.Debug|x64.Build.0 = Debug|Any CPU
		{83ED4265-711A-4ABA-B170-4C4DA0E99132}.Debug|x86.ActiveCfg = Debug|Any CPU
		{83ED4265-711A-4ABA-B170-4C4DA0E99132}.Debug|x86.Build.0 = Debug|Any CPU
		{83ED4265-711A-4ABA-B170-4C4DA0E99132}.Release|Any CPU.ActiveCfg = Release|Any CPU
		{83ED4265-711A-4ABA-B170-4C4DA0E99132}.Release|Any CPU.Build.0 = Release|Any CPU
		{83ED4265-711A-4ABA-B170-4C4DA0E99132}.Release|ARM.ActiveCfg = Release|Any CPU
		{83ED4265-711A-4ABA-B170-4C4DA0E99132}.Release|ARM.Build.0 = Release|Any CPU
		{83ED4265-711A-4ABA-B170-4C4DA0E99132}.Release|x64.ActiveCfg = Release|Any CPU
		{83ED4265-711A-4ABA-B170-4C4DA0E99132}.Release|x64.Build.0 = Release|Any CPU
		{83ED4265-711A-4ABA-B170-4C4DA0E99132}.Release|x86.ActiveCfg = Release|Any CPU
		{83ED4265-711A-4ABA-B170-4C4DA0E99132}.Release|x86.Build.0 = Release|Any CPU
		{44E6C365-A4DD-4732-8E97-B7393C370850}.Debug|Any CPU.ActiveCfg = Debug|Any CPU
		{44E6C365-A4DD-4732-8E97-B7393C370850}.Debug|Any CPU.Build.0 = Debug|Any CPU
		{44E6C365-A4DD-4732-8E97-B7393C370850}.Debug|ARM.ActiveCfg = Debug|Any CPU
		{44E6C365-A4DD-4732-8E97-B7393C370850}.Debug|ARM.Build.0 = Debug|Any CPU
		{44E6C365-A4DD-4732-8E97-B7393C370850}.Debug|x64.ActiveCfg = Debug|Any CPU
		{44E6C365-A4DD-4732-8E97-B7393C370850}.Debug|x64.Build.0 = Debug|Any CPU
		{44E6C365-A4DD-4732-8E97-B7393C370850}.Debug|x86.ActiveCfg = Debug|Any CPU
		{44E6C365-A4DD-4732-8E97-B7393C370850}.Debug|x86.Build.0 = Debug|Any CPU
		{44E6C365-A4DD-4732-8E97-B7393C370850}.Release|Any CPU.ActiveCfg = Release|Any CPU
		{44E6C365-A4DD-4732-8E97-B7393C370850}.Release|Any CPU.Build.0 = Release|Any CPU
		{44E6C365-A4DD-4732-8E97-B7393C370850}.Release|ARM.ActiveCfg = Release|Any CPU
		{44E6C365-A4DD-4732-8E97-B7393C370850}.Release|ARM.Build.0 = Release|Any CPU
		{44E6C365-A4DD-4732-8E97-B7393C370850}.Release|x64.ActiveCfg = Release|Any CPU
		{44E6C365-A4DD-4732-8E97-B7393C370850}.Release|x64.Build.0 = Release|Any CPU
		{44E6C365-A4DD-4732-8E97-B7393C370850}.Release|x86.ActiveCfg = Release|Any CPU
		{44E6C365-A4DD-4732-8E97-B7393C370850}.Release|x86.Build.0 = Release|Any CPU
		{8D9C0D99-4D9A-4787-A692-EB5293F32994}.Debug|Any CPU.ActiveCfg = Debug|x86
		{8D9C0D99-4D9A-4787-A692-EB5293F32994}.Debug|ARM.ActiveCfg = Debug|ARM
		{8D9C0D99-4D9A-4787-A692-EB5293F32994}.Debug|ARM.Build.0 = Debug|ARM
		{8D9C0D99-4D9A-4787-A692-EB5293F32994}.Debug|ARM.Deploy.0 = Debug|ARM
		{8D9C0D99-4D9A-4787-A692-EB5293F32994}.Debug|x64.ActiveCfg = Debug|x64
		{8D9C0D99-4D9A-4787-A692-EB5293F32994}.Debug|x64.Build.0 = Debug|x64
		{8D9C0D99-4D9A-4787-A692-EB5293F32994}.Debug|x64.Deploy.0 = Debug|x64
		{8D9C0D99-4D9A-4787-A692-EB5293F32994}.Debug|x86.ActiveCfg = Debug|x86
		{8D9C0D99-4D9A-4787-A692-EB5293F32994}.Debug|x86.Build.0 = Debug|x86
		{8D9C0D99-4D9A-4787-A692-EB5293F32994}.Debug|x86.Deploy.0 = Debug|x86
		{8D9C0D99-4D9A-4787-A692-EB5293F32994}.Release|Any CPU.ActiveCfg = Release|x86
		{8D9C0D99-4D9A-4787-A692-EB5293F32994}.Release|ARM.ActiveCfg = Release|ARM
		{8D9C0D99-4D9A-4787-A692-EB5293F32994}.Release|ARM.Build.0 = Release|ARM
		{8D9C0D99-4D9A-4787-A692-EB5293F32994}.Release|ARM.Deploy.0 = Release|ARM
		{8D9C0D99-4D9A-4787-A692-EB5293F32994}.Release|x64.ActiveCfg = Release|x64
		{8D9C0D99-4D9A-4787-A692-EB5293F32994}.Release|x64.Build.0 = Release|x64
		{8D9C0D99-4D9A-4787-A692-EB5293F32994}.Release|x64.Deploy.0 = Release|x64
		{8D9C0D99-4D9A-4787-A692-EB5293F32994}.Release|x86.ActiveCfg = Release|x86
		{8D9C0D99-4D9A-4787-A692-EB5293F32994}.Release|x86.Build.0 = Release|x86
		{8D9C0D99-4D9A-4787-A692-EB5293F32994}.Release|x86.Deploy.0 = Release|x86
	EndGlobalSection
	GlobalSection(SolutionProperties) = preSolution
		HideSolutionNode = FALSE
	EndGlobalSection
EndGlobal
